
Microsoft Visual Studio Solution File, Format Version 12.00
# Visual Studio Version 16
VisualStudioVersion = 16.0.30413.136
MinimumVisualStudioVersion = 10.0.40219.1
Project("{FAE04EC0-301F-11D3-BF4B-00C04F79EFBC}") = "Ovning_2_Flode", "Ovning_2_Flode\Ovning_2_Flode.csproj", "{1748C8AD-5F19-4471-B86B-E4EF0E0D332B}"
EndProject
Global
	GlobalSection(SolutionConfigurationPlatforms) = preSolution
		Debug|Any CPU = Debug|Any CPU
		Release|Any CPU = Release|Any CPU
	EndGlobalSection
	GlobalSection(ProjectConfigurationPlatforms) = postSolution
		{1748C8AD-5F19-4471-B86B-E4EF0E0D332B}.Debug|Any CPU.ActiveCfg = Debug|Any CPU
		{1748C8AD-5F19-4471-B86B-E4EF0E0D332B}.Debug|Any CPU.Build.0 = Debug|Any CPU
		{1748C8AD-5F19-4471-B86B-E4EF0E0D332B}.Release|Any CPU.ActiveCfg = Release|Any CPU
		{1748C8AD-5F19-4471-B86B-E4EF0E0D332B}.Release|Any CPU.Build.0 = Release|Any CPU
	EndGlobalSection
	GlobalSection(SolutionProperties) = preSolution
		HideSolutionNode = FALSE
	EndGlobalSection
	GlobalSection(ExtensibilityGlobals) = postSolution
		SolutionGuid = {45A7E45C-5A96-40E3-971C-23CE8FE01936}
	EndGlobalSection
EndGlobal
